
Microsoft Visual Studio Solution File, Format Version 12.00
# Visual Studio Version 17
VisualStudioVersion = 17.3.32901.215
MinimumVisualStudioVersion = 10.0.40219.1
Project("{2150E333-8FDC-42A3-9474-1A3956D46DE8}") = "Documents", "Documents", "{65FEB79B-83B2-4164-AB79-0FB43DAD90B8}"
EndProject
Project("{2150E333-8FDC-42A3-9474-1A3956D46DE8}") = "Src", "Src", "{D74DACCD-5A4C-475B-9E02-96291B826D10}"
EndProject
Project("{2150E333-8FDC-42A3-9474-1A3956D46DE8}") = "Tests", "Tests", "{5DA6593C-84DB-4AE1-B111-275AE7DA2510}"
EndProject
Project("{2150E333-8FDC-42A3-9474-1A3956D46DE8}") = "Cores", "Cores", "{C6CACBD3-A4EB-4C44-9B06-950903763C52}"
EndProject
Project("{2150E333-8FDC-42A3-9474-1A3956D46DE8}") = "Infrastructures", "Infrastructures", "{0566E833-CED9-4BDF-8996-FBC0326B4C13}"
EndProject
Project("{2150E333-8FDC-42A3-9474-1A3956D46DE8}") = "EndPoints", "EndPoints", "{78893267-82A7-4F5F-A0E8-8B2D0F7D9CA9}"
EndProject
Project("{FAE04EC0-301F-11D3-BF4B-00C04F79EFBC}") = "Application", "Src\Cores\Application\Application.csproj", "{66411BEA-9D6C-4877-817F-D6C3A7E5FBC4}"
EndProject
Project("{FAE04EC0-301F-11D3-BF4B-00C04F79EFBC}") = "Domain", "Src\Cores\Domain\Domain.csproj", "{3DCB2E27-0944-40BA-918B-E4A1E7B4E80C}"
EndProject
Project("{FAE04EC0-301F-11D3-BF4B-00C04F79EFBC}") = "DataLayer.SqlServer", "Src\Infrastructures\DataLayer.SqlServer\DataLayer.SqlServer.csproj", "{7C9A9012-C0CD-4D8E-9550-E03E9C70C6A0}"
EndProject
Project("{FAE04EC0-301F-11D3-BF4B-00C04F79EFBC}") = "API", "Src\EndPoints\API\API.csproj", "{8D0B93D1-B592-48B1-B1C0-2F02461AA6B6}"
EndProject
Global
	GlobalSection(SolutionConfigurationPlatforms) = preSolution
		Debug|Any CPU = Debug|Any CPU
		Release|Any CPU = Release|Any CPU
	EndGlobalSection
	GlobalSection(ProjectConfigurationPlatforms) = postSolution
		{66411BEA-9D6C-4877-817F-D6C3A7E5FBC4}.Debug|Any CPU.ActiveCfg = Debug|Any CPU
		{66411BEA-9D6C-4877-817F-D6C3A7E5FBC4}.Debug|Any CPU.Build.0 = Debug|Any CPU
		{66411BEA-9D6C-4877-817F-D6C3A7E5FBC4}.Release|Any CPU.ActiveCfg = Release|Any CPU
		{66411BEA-9D6C-4877-817F-D6C3A7E5FBC4}.Release|Any CPU.Build.0 = Release|Any CPU
		{3DCB2E27-0944-40BA-918B-E4A1E7B4E80C}.Debug|Any CPU.ActiveCfg = Debug|Any CPU
		{3DCB2E27-0944-40BA-918B-E4A1E7B4E80C}.Debug|Any CPU.Build.0 = Debug|Any CPU
		{3DCB2E27-0944-40BA-918B-E4A1E7B4E80C}.Release|Any CPU.ActiveCfg = Release|Any CPU
		{3DCB2E27-0944-40BA-918B-E4A1E7B4E80C}.Release|Any CPU.Build.0 = Release|Any CPU
		{7C9A9012-C0CD-4D8E-9550-E03E9C70C6A0}.Debug|Any CPU.ActiveCfg = Debug|Any CPU
		{7C9A9012-C0CD-4D8E-9550-E03E9C70C6A0}.Debug|Any CPU.Build.0 = Debug|Any CPU
		{7C9A9012-C0CD-4D8E-9550-E03E9C70C6A0}.Release|Any CPU.ActiveCfg = Release|Any CPU
		{7C9A9012-C0CD-4D8E-9550-E03E9C70C6A0}.Release|Any CPU.Build.0 = Release|Any CPU
		{8D0B93D1-B592-48B1-B1C0-2F02461AA6B6}.Debug|Any CPU.ActiveCfg = Debug|Any CPU
		{8D0B93D1-B592-48B1-B1C0-2F02461AA6B6}.Debug|Any CPU.Build.0 = Debug|Any CPU
		{8D0B93D1-B592-48B1-B1C0-2F02461AA6B6}.Release|Any CPU.ActiveCfg = Release|Any CPU
		{8D0B93D1-B592-48B1-B1C0-2F02461AA6B6}.Release|Any CPU.Build.0 = Release|Any CPU
	EndGlobalSection
	GlobalSection(SolutionProperties) = preSolution
		HideSolutionNode = FALSE
	EndGlobalSection
	GlobalSection(NestedProjects) = preSolution
		{C6CACBD3-A4EB-4C44-9B06-950903763C52} = {D74DACCD-5A4C-475B-9E02-96291B826D10}
		{0566E833-CED9-4BDF-8996-FBC0326B4C13} = {D74DACCD-5A4C-475B-9E02-96291B826D10}
		{78893267-82A7-4F5F-A0E8-8B2D0F7D9CA9} = {D74DACCD-5A4C-475B-9E02-96291B826D10}
		{66411BEA-9D6C-4877-817F-D6C3A7E5FBC4} = {C6CACBD3-A4EB-4C44-9B06-950903763C52}
		{3DCB2E27-0944-40BA-918B-E4A1E7B4E80C} = {C6CACBD3-A4EB-4C44-9B06-950903763C52}
		{7C9A9012-C0CD-4D8E-9550-E03E9C70C6A0} = {0566E833-CED9-4BDF-8996-FBC0326B4C13}
		{8D0B93D1-B592-48B1-B1C0-2F02461AA6B6} = {78893267-82A7-4F5F-A0E8-8B2D0F7D9CA9}
	EndGlobalSection
	GlobalSection(ExtensibilityGlobals) = postSolution
		SolutionGuid = {AC6BAF44-FFEE-4F34-B433-04832BA8E9FA}
	EndGlobalSection
EndGlobal
